
Microsoft Visual Studio Solution File, Format Version 12.00
# Visual Studio Version 17
VisualStudioVersion = 17.0.32014.148
MinimumVisualStudioVersion = 10.0.40219.1
Project("{FAE04EC0-301F-11D3-BF4B-00C04F79EFBC}") = "FluentMailTest", "FluentMailTest.csproj", "{21A250B7-6308-4B9A-AC9E-5C09F17F991A}"
EndProject
Global
	GlobalSection(SolutionConfigurationPlatforms) = preSolution
		Debug|Any CPU = Debug|Any CPU
		Release|Any CPU = Release|Any CPU
	EndGlobalSection
	GlobalSection(ProjectConfigurationPlatforms) = postSolution
		{21A250B7-6308-4B9A-AC9E-5C09F17F991A}.Debug|Any CPU.ActiveCfg = Debug|Any CPU
		{21A250B7-6308-4B9A-AC9E-5C09F17F991A}.Debug|Any CPU.Build.0 = Debug|Any CPU
		{21A250B7-6308-4B9A-AC9E-5C09F17F991A}.Release|Any CPU.ActiveCfg = Release|Any CPU
		{21A250B7-6308-4B9A-AC9E-5C09F17F991A}.Release|Any CPU.Build.0 = Release|Any CPU
	EndGlobalSection
	GlobalSection(SolutionProperties) = preSolution
		HideSolutionNode = FALSE
	EndGlobalSection
	GlobalSection(ExtensibilityGlobals) = postSolution
		SolutionGuid = {893E0BB1-3B59-4E0E-BDC4-1DF7A3B63F4E}
	EndGlobalSection
EndGlobal
